
Microsoft Visual Studio Solution File, Format Version 12.00
# Visual Studio Version 16
VisualStudioVersion = 16.0.30711.63
MinimumVisualStudioVersion = 10.0.40219.1
Project("{9A19103F-16F7-4668-BE54-9A1E7A4F7556}") = "Hello World", "Hello World.csproj", "{05D4932E-A75F-4C3A-B498-72EC8FD310D8}"
EndProject
Global
	GlobalSection(SolutionConfigurationPlatforms) = preSolution
		Debug|Any CPU = Debug|Any CPU
		Release|Any CPU = Release|Any CPU
	EndGlobalSection
	GlobalSection(ProjectConfigurationPlatforms) = postSolution
		{05D4932E-A75F-4C3A-B498-72EC8FD310D8}.Debug|Any CPU.ActiveCfg = Debug|Any CPU
		{05D4932E-A75F-4C3A-B498-72EC8FD310D8}.Debug|Any CPU.Build.0 = Debug|Any CPU
		{05D4932E-A75F-4C3A-B498-72EC8FD310D8}.Release|Any CPU.ActiveCfg = Release|Any CPU
		{05D4932E-A75F-4C3A-B498-72EC8FD310D8}.Release|Any CPU.Build.0 = Release|Any CPU
	EndGlobalSection
	GlobalSection(SolutionProperties) = preSolution
		HideSolutionNode = FALSE
	EndGlobalSection
	GlobalSection(ExtensibilityGlobals) = postSolution
		SolutionGuid = {EF72023D-925C-4EDD-9D27-E547DCCDC469}
	EndGlobalSection
EndGlobal
